
Microsoft Visual Studio Solution File, Format Version 12.00
# Visual Studio Version 16
VisualStudioVersion = 16.0.29418.71
MinimumVisualStudioVersion = 10.0.40219.1
Project("{9A19103F-16F7-4668-BE54-9A1E7A4F7556}") = "ServiceProvider.API", "ServiceProvider.API\ServiceProvider.API.csproj", "{29D853A5-5758-4F3D-9423-B7D28F6715AD}"
EndProject
Global
	GlobalSection(SolutionConfigurationPlatforms) = preSolution
		Debug|Any CPU = Debug|Any CPU
		Release|Any CPU = Release|Any CPU
	EndGlobalSection
	GlobalSection(ProjectConfigurationPlatforms) = postSolution
		{29D853A5-5758-4F3D-9423-B7D28F6715AD}.Debug|Any CPU.ActiveCfg = Debug|Any CPU
		{29D853A5-5758-4F3D-9423-B7D28F6715AD}.Debug|Any CPU.Build.0 = Debug|Any CPU
		{29D853A5-5758-4F3D-9423-B7D28F6715AD}.Release|Any CPU.ActiveCfg = Release|Any CPU
		{29D853A5-5758-4F3D-9423-B7D28F6715AD}.Release|Any CPU.Build.0 = Release|Any CPU
	EndGlobalSection
	GlobalSection(SolutionProperties) = preSolution
		HideSolutionNode = FALSE
	EndGlobalSection
	GlobalSection(ExtensibilityGlobals) = postSolution
		SolutionGuid = {AE1784DE-CCE2-475E-A2FB-136F4CB4B9D5}
	EndGlobalSection
EndGlobal
